
Microsoft Visual Studio Solution File, Format Version 12.00
# Visual Studio Version 17
VisualStudioVersion = 17.11.35312.102
MinimumVisualStudioVersion = 10.0.40219.1
Project("{FAE04EC0-301F-11D3-BF4B-00C04F79EFBC}") = "Recipe-Nest-Desktop", "Recipe-Nest-Desktop\Recipe-Nest-Desktop.csproj", "{8BDBE946-1E23-4543-A16A-3C49A7C0155B}"
EndProject
Global
	GlobalSection(SolutionConfigurationPlatforms) = preSolution
		Debug|Any CPU = Debug|Any CPU
		Release|Any CPU = Release|Any CPU
	EndGlobalSection
	GlobalSection(ProjectConfigurationPlatforms) = postSolution
		{8BDBE946-1E23-4543-A16A-3C49A7C0155B}.Debug|Any CPU.ActiveCfg = Debug|Any CPU
		{8BDBE946-1E23-4543-A16A-3C49A7C0155B}.Debug|Any CPU.Build.0 = Debug|Any CPU
		{8BDBE946-1E23-4543-A16A-3C49A7C0155B}.Release|Any CPU.ActiveCfg = Release|Any CPU
		{8BDBE946-1E23-4543-A16A-3C49A7C0155B}.Release|Any CPU.Build.0 = Release|Any CPU
	EndGlobalSection
	GlobalSection(SolutionProperties) = preSolution
		HideSolutionNode = FALSE
	EndGlobalSection
	GlobalSection(ExtensibilityGlobals) = postSolution
		SolutionGuid = {268FF560-3641-43B4-91A7-3C2288123F3C}
	EndGlobalSection
EndGlobal
